
Microsoft Visual Studio Solution File, Format Version 12.00
# Visual Studio Version 17
VisualStudioVersion = 17.2.32630.192
MinimumVisualStudioVersion = 10.0.40219.1
Project("{9A19103F-16F7-4668-BE54-9A1E7A4F7556}") = "Project1", "Project1\Project1.csproj", "{9EA51244-D3E2-45B2-89A3-D016F3070FC1}"
EndProject
Project("{FAE04EC0-301F-11D3-BF4B-00C04F79EFBC}") = "Domain", "Domain\Domain.csproj", "{5BB7B262-FD2E-42E7-B67D-6F9A724AAF56}"
EndProject
Project("{FAE04EC0-301F-11D3-BF4B-00C04F79EFBC}") = "Persistence", "Persistence\Persistence.csproj", "{0859211C-27DB-4DFA-918F-3A43D1127ECF}"
EndProject
Global
	GlobalSection(SolutionConfigurationPlatforms) = preSolution
		Debug|Any CPU = Debug|Any CPU
		Release|Any CPU = Release|Any CPU
	EndGlobalSection
	GlobalSection(ProjectConfigurationPlatforms) = postSolution
		{9EA51244-D3E2-45B2-89A3-D016F3070FC1}.Debug|Any CPU.ActiveCfg = Debug|Any CPU
		{9EA51244-D3E2-45B2-89A3-D016F3070FC1}.Debug|Any CPU.Build.0 = Debug|Any CPU
		{9EA51244-D3E2-45B2-89A3-D016F3070FC1}.Release|Any CPU.ActiveCfg = Release|Any CPU
		{9EA51244-D3E2-45B2-89A3-D016F3070FC1}.Release|Any CPU.Build.0 = Release|Any CPU
		{5BB7B262-FD2E-42E7-B67D-6F9A724AAF56}.Debug|Any CPU.ActiveCfg = Debug|Any CPU
		{5BB7B262-FD2E-42E7-B67D-6F9A724AAF56}.Debug|Any CPU.Build.0 = Debug|Any CPU
		{5BB7B262-FD2E-42E7-B67D-6F9A724AAF56}.Release|Any CPU.ActiveCfg = Release|Any CPU
		{5BB7B262-FD2E-42E7-B67D-6F9A724AAF56}.Release|Any CPU.Build.0 = Release|Any CPU
		{0859211C-27DB-4DFA-918F-3A43D1127ECF}.Debug|Any CPU.ActiveCfg = Debug|Any CPU
		{0859211C-27DB-4DFA-918F-3A43D1127ECF}.Debug|Any CPU.Build.0 = Debug|Any CPU
		{0859211C-27DB-4DFA-918F-3A43D1127ECF}.Release|Any CPU.ActiveCfg = Release|Any CPU
		{0859211C-27DB-4DFA-918F-3A43D1127ECF}.Release|Any CPU.Build.0 = Release|Any CPU
	EndGlobalSection
	GlobalSection(SolutionProperties) = preSolution
		HideSolutionNode = FALSE
	EndGlobalSection
	GlobalSection(ExtensibilityGlobals) = postSolution
		SolutionGuid = {194B2ACD-8E82-43FE-92BE-26139C7AAE10}
	EndGlobalSection
EndGlobal
